// !$*UTF8*$!
{
	archiveVersion = 1;
	classes = {
	};
	objectVersion = 46;
	objects = {

/* Begin PBXBuildFile section */
		D11606F2150FFE1B00DF996D /* Foundation.framework in Frameworks */ = {isa = PBXBuildFile; fileRef = D11606F1150FFE1B00DF996D /* Foundation.framework */; };
		D11606F5150FFE1B00DF996D /* main.m in Sources */ = {isa = PBXBuildFile; fileRef = D11606F4150FFE1B00DF996D /* main.m */; };
		D11606F9150FFE1B00DF996D /* WelcomeFoundation.1 in CopyFiles */ = {isa = PBXBuildFile; fileRef = D11606F8150FFE1B00DF996D /* WelcomeFoundation.1 */; };
		D1160701150FFE5C00DF996D /* Greeting.m in Sources */ = {isa = PBXBuildFile; fileRef = D1160700150FFE5C00DF996D /* Greeting.m */; };
/* End PBXBuildFile section */

/* Begin PBXCopyFilesBuildPhase section */
		D11606EB150FFE1B00DF996D /* CopyFiles */ = {
			isa = PBXCopyFilesBuildPhase;
			buildActionMask = 2147483647;
			dstPath = /usr/share/man/man1/;
			dstSubfolderSpec = 0;
			files = (
				D11606F9150FFE1B00DF996D /* WelcomeFoundation.1 in CopyFiles */,
			);
			runOnlyForDeploymentPostprocessing = 1;
		};
/* End PBXCopyFilesBuildPhase section */

/* Begin PBXFileReference section */
		D11606ED150FFE1B00DF996D /* WelcomeFoundation */ = {isa = PBXFileReference; explicitFileType = "compiled.mach-o.executable"; includeInIndex = 0; path = WelcomeFoundation; sourceTree = BUILT_PRODUCTS_DIR; };
		D11606F1150FFE1B00DF996D /* Foundation.framework */ = {isa = PBXFileReference; lastKnownFileType = wrapper.framework; name = Foundation.framework; path = System/Library/Frameworks/Foundation.framework; sourceTree = SDKROOT; };
		D11606F4150FFE1B00DF996D /* main.m */ = {isa = PBXFileReference; lastKnownFileType = sourcecode.c.objc; lineEnding = 0; path = main.m; sourceTree = "<group>"; xcLanguageSpecificationIdentifier = xcode.lang.objc; };
		D11606F7150FFE1B00DF996D /* WelcomeFoundation-Prefix.pch */ = {isa = PBXFileReference; lastKnownFileType = sourcecode.c.h; path = "WelcomeFoundation-Prefix.pch"; sourceTree = "<group>"; };
		D11606F8150FFE1B00DF996D /* WelcomeFoundation.1 */ = {isa = PBXFileReference; lastKnownFileType = text.man; path = WelcomeFoundation.1; sourceTree = "<group>"; };
		D11606FF150FFE5C00DF996D /* Greeting.h */ = {isa = PBXFileReference; fileEncoding = 4; lastKnownFileType = sourcecode.c.h; lineEnding = 0; path = Greeting.h; sourceTree = "<group>"; xcLanguageSpecificationIdentifier = xcode.lang.objcpp; };
		D1160700150FFE5C00DF996D /* Greeting.m */ = {isa = PBXFileReference; fileEncoding = 4; lastKnownFileType = sourcecode.c.objc; lineEnding = 0; path = Greeting.m; sourceTree = "<group>"; xcLanguageSpecificationIdentifier = xcode.lang.objc; };
/* End PBXFileReference section */

/* Begin PBXFrameworksBuildPhase section */
		D11606EA150FFE1B00DF996D /* Frameworks */ = {
			isa = PBXFrameworksBuildPhase;
			buildActionMask = 2147483647;
			files = (
				D11606F2150FFE1B00DF996D /* Foundation.framework in Frameworks */,
			);
			runOnlyForDeploymentPostprocessing = 0;
		};
/* End PBXFrameworksBuildPhase section */

/* Begin PBXGroup section */
		D11606E2150FFE1B00DF996D = {
			isa = PBXGroup;
			children = (
				D11606F3150FFE1B00DF996D /* WelcomeFoundation */,
				D11606F0150FFE1B00DF996D /* Frameworks */,
				D11606EE150FFE1B00DF996D /* Products */,
			);
			sourceTree = "<group>";
		};
		D11606EE150FFE1B00DF996D /* Products */ = {
			isa = PBXGroup;
			children = (
				D11606ED150FFE1B00DF996D /* WelcomeFoundation */,
			);
			name = Products;
			sourceTree = "<group>";
		};
		D11606F0150FFE1B00DF996D /* Frameworks */ = {
			isa = PBXGroup;
			children = (
				D11606F1150FFE1B00DF996D /* Foundation.framework */,
			);
			name = Frameworks;
			sourceTree = "<group>";
		};
		D11606F3150FFE1B00DF996D /* WelcomeFoundation */ = {
			isa = PBXGroup;
			children = (
				D1160702150FFE7F00DF996D /* Classes */,
				D11606F4150FFE1B00DF996D /* main.m */,
				D11606F8150FFE1B00DF996D /* WelcomeFoundation.1 */,
				D11606F6150FFE1B00DF996D /* Supporting Files */,
			);
			path = WelcomeFoundation;
			sourceTree = "<group>";
		};
		D11606F6150FFE1B00DF996D /* Supporting Files */ = {
			isa = PBXGroup;
			children = (
				D11606F7150FFE1B00DF996D /* WelcomeFoundation-Prefix.pch */,
			);
			name = "Supporting Files";
			sourceTree = "<group>";
		};
		D1160702150FFE7F00DF996D /* Classes */ = {
			isa = PBXGroup;
			children = (
				D11606FF150FFE5C00DF996D /* Greeting.h */,
				D1160700150FFE5C00DF996D /* Greeting.m */,
			);
			name = Classes;
			sourceTree = "<group>";
		};
/* End PBXGroup section */

/* Begin PBXNativeTarget section */
		D11606EC150FFE1B00DF996D /* WelcomeFoundation */ = {
			isa = PBXNativeTarget;
			buildConfigurationList = D11606FC150FFE1B00DF996D /* Build configuration list for PBXNativeTarget "WelcomeFoundation" */;
			buildPhases = (
				D11606E9150FFE1B00DF996D /* Sources */,
				D11606EA150FFE1B00DF996D /* Frameworks */,
				D11606EB150FFE1B00DF996D /* CopyFiles */,
			);
			buildRules = (
			);
			dependencies = (
			);
			name = WelcomeFoundation;
			productName = WelcomeFoundation;
			productReference = D11606ED150FFE1B00DF996D /* WelcomeFoundation */;
			productType = "com.apple.product-type.tool";
		};
/* End PBXNativeTarget section */

/* Begin PBXProject section */
		D11606E4150FFE1B00DF996D /* Project object */ = {
			isa = PBXProject;
			attributes = {
				LastUpgradeCheck = 0420;
				ORGANIZATIONNAME = "Soylent Industries";
			};
			buildConfigurationList = D11606E7150FFE1B00DF996D /* Build configuration list for PBXProject "WelcomeFoundation" */;
			compatibilityVersion = "Xcode 3.2";
			developmentRegion = English;
			hasScannedForEncodings = 0;
			knownRegions = (
				en,
			);
			mainGroup = D11606E2150FFE1B00DF996D;
			productRefGroup = D11606EE150FFE1B00DF996D /* Products */;
			projectDirPath = "";
			projectRoot = "";
			targets = (
				D11606EC150FFE1B00DF996D /* WelcomeFoundation */,
			);
		};
/* End PBXProject section */

/* Begin PBXSourcesBuildPhase section */
		D11606E9150FFE1B00DF996D /* Sources */ = {
			isa = PBXSourcesBuildPhase;
			buildActionMask = 2147483647;
			files = (
				D11606F5150FFE1B00DF996D /* main.m in Sources */,
				D1160701150FFE5C00DF996D /* Greeting.m in Sources */,
			);
			runOnlyForDeploymentPostprocessing = 0;
		};
/* End PBXSourcesBuildPhase section */

/* Begin XCBuildConfiguration section */
		D11606FA150FFE1B00DF996D /* Debug */ = {
			isa = XCBuildConfiguration;
			buildSettings = {
				ALWAYS_SEARCH_USER_PATHS = NO;
				ARCHS = "$(ARCHS_STANDARD_64_BIT)";
				CLANG_ENABLE_OBJC_ARC = YES;
				COPY_PHASE_STRIP = NO;
				GCC_C_LANGUAGE_STANDARD = gnu99;
				GCC_DYNAMIC_NO_PIC = NO;
				GCC_ENABLE_OBJC_EXCEPTIONS = YES;
				GCC_OPTIMIZATION_LEVEL = 0;
				GCC_PREPROCESSOR_DEFINITIONS = (
					"DEBUG=1",
					"$(inherited)",
				);
				GCC_SYMBOLS_PRIVATE_EXTERN = NO;
				GCC_VERSION = com.apple.compilers.llvm.clang.1_0;
				GCC_WARN_64_TO_32_BIT_CONVERSION = YES;
				GCC_WARN_ABOUT_MISSING_PROTOTYPES = YES;
				GCC_WARN_ABOUT_RETURN_TYPE = YES;
				GCC_WARN_UNUSED_VARIABLE = YES;
				MACOSX_DEPLOYMENT_TARGET = 10.7;
				ONLY_ACTIVE_ARCH = YES;
				SDKROOT = macosx;
			};
			name = Debug;
		};
		D11606FB150FFE1B00DF996D /* Release */ = {
			isa = XCBuildConfiguration;
			buildSettings = {
				ALWAYS_SEARCH_USER_PATHS = NO;
				ARCHS = "$(ARCHS_STANDARD_64_BIT)";
				CLANG_ENABLE_OBJC_ARC = YES;
				COPY_PHASE_STRIP = YES;
				DEBUG_INFORMATION_FORMAT = "dwarf-with-dsym";
				GCC_C_LANGUAGE_STANDARD = gnu99;
				GCC_ENABLE_OBJC_EXCEPTIONS = YES;
				GCC_VERSION = com.apple.compilers.llvm.clang.1_0;
				GCC_WARN_64_TO_32_BIT_CONVERSION = YES;
				GCC_WARN_ABOUT_MISSING_PROTOTYPES = YES;
				GCC_WARN_ABOUT_RETURN_TYPE = YES;
				GCC_WARN_UNUSED_VARIABLE = YES;
				MACOSX_DEPLOYMENT_TARGET = 10.7;
				SDKROOT = macosx;
			};
			name = Release;
		};
		D11606FD150FFE1B00DF996D /* Debug */ = {
			isa = XCBuildConfiguration;
			buildSettings = {
				GCC_PRECOMPILE_PREFIX_HEADER = YES;
				GCC_PREFIX_HEADER = "WelcomeFoundation/WelcomeFoundation-Prefix.pch";
				PRODUCT_NAME = "$(TARGET_NAME)";
			};
			name = Debug;
		};
		D11606FE150FFE1B00DF996D /* Release */ = {
			isa = XCBuildConfiguration;
			buildSettings = {
				GCC_PRECOMPILE_PREFIX_HEADER = YES;
				GCC_PREFIX_HEADER = "WelcomeFoundation/WelcomeFoundation-Prefix.pch";
				PRODUCT_NAME = "$(TARGET_NAME)";
			};
			name = Release;
		};
/* End XCBuildConfiguration section */

/* Begin XCConfigurationList section */
		D11606E7150FFE1B00DF996D /* Build configuration list for PBXProject "WelcomeFoundation" */ = {
			isa = XCConfigurationList;
			buildConfigurations = (
				D11606FA150FFE1B00DF996D /* Debug */,
				D11606FB150FFE1B00DF996D /* Release */,
			);
			defaultConfigurationIsVisible = 0;
			defaultConfigurationName = Release;
		};
		D11606FC150FFE1B00DF996D /* Build configuration list for PBXNativeTarget "WelcomeFoundation" */ = {
			isa = XCConfigurationList;
			buildConfigurations = (
				D11606FD150FFE1B00DF996D /* Debug */,
				D11606FE150FFE1B00DF996D /* Release */,
			);
			defaultConfigurationIsVisible = 0;
		};
/* End XCConfigurationList section */
	};
	rootObject = D11606E4150FFE1B00DF996D /* Project object */;
}
